
Microsoft Visual Studio Solution File, Format Version 12.00
# Visual Studio Version 16
VisualStudioVersion = 16.0.29318.209
MinimumVisualStudioVersion = 10.0.40219.1
Project("{9A19103F-16F7-4668-BE54-9A1E7A4F7556}") = "ShayMurtaghCataloguePlus.dotnetStandard", "ShayMurtaghCataloguePlus.dotnetStandard\ShayMurtaghCataloguePlus.dotnetStandard.csproj", "{43CADCAB-A77D-4875-BE6B-CE7227D1AD56}"
EndProject
Project("{FAE04EC0-301F-11D3-BF4B-00C04F79EFBC}") = "ShayMurtaghCataloguePlus.UI.WinForms", "ShayMurtaghCataloguePlus.UI.Winforms\ShayMurtaghCataloguePlus.UI.WinForms.csproj", "{D502EAC9-15C1-4CA7-B439-39858D45B367}"
EndProject
Project("{FAE04EC0-301F-11D3-BF4B-00C04F79EFBC}") = "ShayMurtaghCataloguePlus.API.dotNetFrameworkV2", "ShayMurtaghCataloguePlus.API.dotNetFrameworkV2\ShayMurtaghCataloguePlus.API.dotNetFrameworkV2.csproj", "{7F53AB7E-2CE9-431F-9B4C-41E435EAF11F}"
EndProject
Global
	GlobalSection(SolutionConfigurationPlatforms) = preSolution
		Debug|Any CPU = Debug|Any CPU
		Release|Any CPU = Release|Any CPU
	EndGlobalSection
	GlobalSection(ProjectConfigurationPlatforms) = postSolution
		{43CADCAB-A77D-4875-BE6B-CE7227D1AD56}.Debug|Any CPU.ActiveCfg = Debug|Any CPU
		{43CADCAB-A77D-4875-BE6B-CE7227D1AD56}.Debug|Any CPU.Build.0 = Debug|Any CPU
		{43CADCAB-A77D-4875-BE6B-CE7227D1AD56}.Release|Any CPU.ActiveCfg = Release|Any CPU
		{43CADCAB-A77D-4875-BE6B-CE7227D1AD56}.Release|Any CPU.Build.0 = Release|Any CPU
		{D502EAC9-15C1-4CA7-B439-39858D45B367}.Debug|Any CPU.ActiveCfg = Debug|Any CPU
		{D502EAC9-15C1-4CA7-B439-39858D45B367}.Debug|Any CPU.Build.0 = Debug|Any CPU
		{D502EAC9-15C1-4CA7-B439-39858D45B367}.Release|Any CPU.ActiveCfg = Release|Any CPU
		{D502EAC9-15C1-4CA7-B439-39858D45B367}.Release|Any CPU.Build.0 = Release|Any CPU
		{7F53AB7E-2CE9-431F-9B4C-41E435EAF11F}.Debug|Any CPU.ActiveCfg = Debug|Any CPU
		{7F53AB7E-2CE9-431F-9B4C-41E435EAF11F}.Debug|Any CPU.Build.0 = Debug|Any CPU
		{7F53AB7E-2CE9-431F-9B4C-41E435EAF11F}.Release|Any CPU.ActiveCfg = Release|Any CPU
		{7F53AB7E-2CE9-431F-9B4C-41E435EAF11F}.Release|Any CPU.Build.0 = Release|Any CPU
	EndGlobalSection
	GlobalSection(SolutionProperties) = preSolution
		HideSolutionNode = FALSE
	EndGlobalSection
	GlobalSection(ExtensibilityGlobals) = postSolution
		SolutionGuid = {A7B2E6C0-C707-4544-A3E6-C4E0E3959A50}
	EndGlobalSection
EndGlobal
